<?xml version="1.0" encoding="utf-8"?>
<Project ToolsVersion="4.0" xmlns="http://schemas.microsoft.com/developer/msbuild/2003">
  <ItemGroup>
    <Filter Include="Source Files">
      <UniqueIdentifier>{4FC737F1-C7A5-4376-A066-2A32D752A2FF}</UniqueIdentifier>
      <Extensions>cpp;c;cc;cxx;def;odl;idl;hpj;bat;asm;asmx</Extensions>
    </Filter>
    <Filter Include="Header Files">
      <UniqueIdentifier>{93995380-89BD-4b04-88EB-625FBE52EBFB}</UniqueIdentifier>
      <Extensions>h;hpp;hxx;hm;inl;inc;xsd</Extensions>
    </Filter>
    <Filter Include="Resource Files">
      <UniqueIdentifier>{67DA6AB6-F800-4c08-8B7A-83BB121AAD01}</UniqueIdentifier>
      <Extensions>rc;ico;cur;bmp;dlg;rc2;rct;bin;rgs;gif;jpg;jpeg;jpe;resx;tiff;tif;png;wav;mfcribbon-ms</Extensions>
    </Filter>
    <Filter Include="Source Files\General">
      <UniqueIdentifier>{99b90a73-4d8a-48a2-b50f-37349e32eddc}</UniqueIdentifier>
    </Filter>
    <Filter Include="Source Files\DP">
      <UniqueIdentifier>{736e8390-e8db-4e53-9bcd-b77a7eae048b}</UniqueIdentifier>
    </Filter>
    <Filter Include="Source Files\DFS">
      <UniqueIdentifier>{bb746074-8b41-44fa-9175-b4884082f3ae}</UniqueIdentifier>
    </Filter>
    <Filter Include="Source Files\TreeRecursive">
      <UniqueIdentifier>{63b59ffb-ca6b-40b9-b9c6-5795353888bd}</UniqueIdentifier>
    </Filter>
    <Filter Include="Source Files\Hash">
      <UniqueIdentifier>{6a016db1-f605-4321-946c-0d1e7a5ebb14}</UniqueIdentifier>
    </Filter>
    <Filter Include="Source Files\Graph">
      <UniqueIdentifier>{948bed9f-f636-4468-b364-51dc52eb1dfd}</UniqueIdentifier>
    </Filter>
    <Filter Include="Source Files\BFS">
      <UniqueIdentifier>{975062ba-ed44-49ca-a9bc-aa632b93ff2e}</UniqueIdentifier>
    </Filter>
    <Filter Include="Source Files\String">
      <UniqueIdentifier>{08864c63-8254-48a2-9a88-ee0d27fe4b56}</UniqueIdentifier>
    </Filter>
    <Filter Include="Source Files\Greedy">
      <UniqueIdentifier>{6257e91d-f8d6-4128-b368-219fd150adcb}</UniqueIdentifier>
    </Filter>
    <Filter Include="Source Files\BruteForce">
      <UniqueIdentifier>{c590caf4-90e6-4cd4-bb77-f678c986b6a3}</UniqueIdentifier>
    </Filter>
    <Filter Include="Source Files\Math">
      <UniqueIdentifier>{83a9430a-304b-4f81-b0f8-de7fb7533613}</UniqueIdentifier>
    </Filter>
    <Filter Include="Source Files\Other">
      <UniqueIdentifier>{ad013e24-ef7a-4842-818d-2ed8e233d3a8}</UniqueIdentifier>
    </Filter>
    <Filter Include="Source Files\DivideAndConquer">
      <UniqueIdentifier>{d224f3ea-1a5d-4b7b-b497-28559229ed4d}</UniqueIdentifier>
    </Filter>
    <Filter Include="Source Files\Stack">
      <UniqueIdentifier>{a59b15a8-fa4b-4d58-a6d4-f79d79073072}</UniqueIdentifier>
    </Filter>
    <Filter Include="Source Files\Heap">
      <UniqueIdentifier>{84a78523-2f5a-4a82-b1ab-56ce2ff0da94}</UniqueIdentifier>
    </Filter>
    <Filter Include="Source Files\List">
      <UniqueIdentifier>{7bad8bbd-2e0f-4d7f-8a77-2f12721bee93}</UniqueIdentifier>
    </Filter>
  </ItemGroup>
  <ItemGroup>
    <None Include="ReadMe.txt" />
    <None Include="Notice_At_Interview.txt">
      <Filter>Source Files</Filter>
    </None>
  </ItemGroup>
  <ItemGroup>
    <ClInclude Include="stdafx.h">
      <Filter>Header Files</Filter>
    </ClInclude>
    <ClInclude Include="targetver.h">
      <Filter>Header Files</Filter>
    </ClInclude>
  </ItemGroup>
  <ItemGroup>
    <ClCompile Include="stdafx.cpp">
      <Filter>Source Files</Filter>
    </ClCompile>
    <ClCompile Include="leetcode.cpp">
      <Filter>Source Files</Filter>
    </ClCompile>
    <ClCompile Include="stack_usage.cpp">
      <Filter>Source Files\General</Filter>
    </ClCompile>
    <ClCompile Include="Palindrome_Partitioning_II.cpp">
      <Filter>Source Files\DP</Filter>
    </ClCompile>
    <ClCompile Include="vector_usage.cpp">
      <Filter>Source Files\General</Filter>
    </ClCompile>
    <ClCompile Include="Palindrome_Partitioning.cpp">
      <Filter>Source Files\DP</Filter>
    </ClCompile>
    <ClCompile Include="string_usage.cpp">
      <Filter>Source Files\General</Filter>
    </ClCompile>
    <ClCompile Include="Surrounded_Regions.cpp">
      <Filter>Source Files\DFS</Filter>
    </ClCompile>
    <ClCompile Include="Sum_Root_to_Leaf_Numbers.cpp">
      <Filter>Source Files\TreeRecursive</Filter>
    </ClCompile>
    <ClCompile Include="Longest_Consecutive_Sequence.cpp">
      <Filter>Source Files\Hash</Filter>
    </ClCompile>
    <ClCompile Include="unordered_map_set_usage.cpp">
      <Filter>Source Files\General</Filter>
    </ClCompile>
    <ClCompile Include="Clone_Graph.cpp">
      <Filter>Source Files\Graph</Filter>
    </ClCompile>
    <ClCompile Include="Word_Ladder_II.cpp">
      <Filter>Source Files\BFS</Filter>
    </ClCompile>
    <ClCompile Include="Word_Ladder.cpp">
      <Filter>Source Files\BFS</Filter>
    </ClCompile>
    <ClCompile Include="Valid_Palindrome.cpp">
      <Filter>Source Files\String</Filter>
    </ClCompile>
    <ClCompile Include="Binary_Tree_Maximum_Path_Sum.cpp">
      <Filter>Source Files\TreeRecursive</Filter>
    </ClCompile>
    <ClCompile Include="Gas_Station.cpp">
      <Filter>Source Files\Greedy</Filter>
    </ClCompile>
    <ClCompile Include="Candy.cpp">
      <Filter>Source Files\Greedy</Filter>
    </ClCompile>
    <ClCompile Include="Best_Time_To_Buy_And_Sell_Stock.cpp">
      <Filter>Source Files\Greedy</Filter>
    </ClCompile>
    <ClCompile Include="Best_Time_To_Buy_and_Sell_Stock_II.cpp">
      <Filter>Source Files\Greedy</Filter>
    </ClCompile>
    <ClCompile Include="Best_Time_To_Buy_and_Sell_Stock_III.cpp">
      <Filter>Source Files\Greedy</Filter>
    </ClCompile>
    <ClCompile Include="Triangle.cpp">
      <Filter>Source Files\DP</Filter>
    </ClCompile>
    <ClCompile Include="Pascal_Triangle.cpp">
      <Filter>Source Files\BruteForce</Filter>
    </ClCompile>
    <ClCompile Include="Pascal_Triangle_II.cpp">
      <Filter>Source Files\BruteForce</Filter>
    </ClCompile>
    <ClCompile Include="Populating_Next_Right_Pointers_In_Each_Node.cpp">
      <Filter>Source Files\TreeRecursive</Filter>
    </ClCompile>
    <ClCompile Include="Populating_Next_Right_Pointers_In_Each_Node_II.cpp">
      <Filter>Source Files\TreeRecursive</Filter>
    </ClCompile>
    <ClCompile Include="Distinct_Subsequences.cpp">
      <Filter>Source Files\DP</Filter>
    </ClCompile>
    <ClCompile Include="Flatten_Binary_Tree_To_Linked_List.cpp">
      <Filter>Source Files\TreeRecursive</Filter>
    </ClCompile>
    <ClCompile Include="Path_Sum.cpp">
      <Filter>Source Files\TreeRecursive</Filter>
    </ClCompile>
    <ClCompile Include="Path_Sum_II.cpp">
      <Filter>Source Files\TreeRecursive</Filter>
    </ClCompile>
    <ClCompile Include="Minimum_Depth_Of_Binary_Tree.cpp">
      <Filter>Source Files\TreeRecursive</Filter>
    </ClCompile>
    <ClCompile Include="Balanced_Binary_Tree.cpp">
      <Filter>Source Files\TreeRecursive</Filter>
    </ClCompile>
    <ClCompile Include="Convert_Sorted_List_To_Binary_Search_Tree.cpp">
      <Filter>Source Files\TreeRecursive</Filter>
    </ClCompile>
    <ClCompile Include="Convert_Sorted_Array_to_Binary_Search_Tree.cpp">
      <Filter>Source Files\TreeRecursive</Filter>
    </ClCompile>
    <ClCompile Include="Single_Number.cpp">
      <Filter>Source Files\Math</Filter>
    </ClCompile>
    <ClCompile Include="Single_Number_II.cpp">
      <Filter>Source Files\Math</Filter>
    </ClCompile>
    <ClCompile Include="Binary_Tree_Level_Order_Traversal.cpp">
      <Filter>Source Files\BFS</Filter>
    </ClCompile>
    <ClCompile Include="Binary_Tree_Level_Order_Traversal_II.cpp">
      <Filter>Source Files\BFS</Filter>
    </ClCompile>
    <ClCompile Include="Construct_Binary_Tree_from_Inorder_And_Postorder_Traversal.cpp">
      <Filter>Source Files\TreeRecursive</Filter>
    </ClCompile>
    <ClCompile Include="Construct_Binary_Tree_From_Preorder_And_Inorder_Traversal.cpp">
      <Filter>Source Files\TreeRecursive</Filter>
    </ClCompile>
    <ClCompile Include="Maximum_Depth_Of_Binary_Tree.cpp">
      <Filter>Source Files\TreeRecursive</Filter>
    </ClCompile>
    <ClCompile Include="Binary_Tree_Zigzag_Level_Order_Traversal.cpp">
      <Filter>Source Files\BFS</Filter>
    </ClCompile>
    <ClCompile Include="Same_Tree.cpp">
      <Filter>Source Files\TreeRecursive</Filter>
    </ClCompile>
    <ClCompile Include="Symmetric_Tree.cpp">
      <Filter>Source Files\TreeRecursive</Filter>
    </ClCompile>
    <ClCompile Include="Word_Break.cpp">
      <Filter>Source Files\DP</Filter>
    </ClCompile>
    <ClCompile Include="Word_Break_II.cpp">
      <Filter>Source Files\DP</Filter>
    </ClCompile>
    <ClCompile Include="Recover_Binary_Search_Tree.cpp">
      <Filter>Source Files\TreeRecursive</Filter>
    </ClCompile>
    <ClCompile Include="Validate_Binary_Search_Tree.cpp">
      <Filter>Source Files\TreeRecursive</Filter>
    </ClCompile>
    <ClCompile Include="Interleaving_String.cpp">
      <Filter>Source Files\BruteForce</Filter>
    </ClCompile>
    <ClCompile Include="Unique_Binary_Search_Trees_II.cpp">
      <Filter>Source Files\TreeRecursive</Filter>
    </ClCompile>
    <ClCompile Include="Unique_Binary_Search_Trees.cpp">
      <Filter>Source Files\Math</Filter>
    </ClCompile>
    <ClCompile Include="Binary_Tree_Inorder_Traversal.cpp">
      <Filter>Source Files\TreeRecursive</Filter>
    </ClCompile>
    <ClCompile Include="Restore_IP_Addresses.cpp">
      <Filter>Source Files\BruteForce</Filter>
    </ClCompile>
    <ClCompile Include="sstream_usage.cpp">
      <Filter>Source Files\General</Filter>
    </ClCompile>
    <ClCompile Include="Subsets_II.cpp">
      <Filter>Source Files\BruteForce</Filter>
    </ClCompile>
    <ClCompile Include="Decode_Ways.cpp">
      <Filter>Source Files\DP</Filter>
    </ClCompile>
    <ClCompile Include="Gray_Code.cpp">
      <Filter>Source Files\Math</Filter>
    </ClCompile>
    <ClCompile Include="Merge_Sorted_Array.cpp">
      <Filter>Source Files\Other</Filter>
    </ClCompile>
    <ClCompile Include="Scramble_String.cpp">
      <Filter>Source Files\DP</Filter>
    </ClCompile>
    <ClCompile Include="Search_In_Rotated_Sorted_Array.cpp">
      <Filter>Source Files\DivideAndConquer</Filter>
    </ClCompile>
    <ClCompile Include="Search_In_Rotated_Sorted_Array_II.cpp">
      <Filter>Source Files\DivideAndConquer</Filter>
    </ClCompile>
    <ClCompile Include="Remove_Duplicates_From_Sorted_Array_II.cpp">
      <Filter>Source Files\BruteForce</Filter>
    </ClCompile>
    <ClCompile Include="Word_Search.cpp">
      <Filter>Source Files\DFS</Filter>
    </ClCompile>
    <ClCompile Include="Subsets.cpp">
      <Filter>Source Files\BruteForce</Filter>
    </ClCompile>
    <ClCompile Include="Combinations.cpp">
      <Filter>Source Files\DP</Filter>
    </ClCompile>
    <ClCompile Include="Minimum_Window_Substring.cpp">
      <Filter>Source Files\Hash</Filter>
    </ClCompile>
    <ClCompile Include="Sort_Colors.cpp">
      <Filter>Source Files\Other</Filter>
    </ClCompile>
    <ClCompile Include="Search_A_2D_Matrix.cpp">
      <Filter>Source Files\Math</Filter>
    </ClCompile>
    <ClCompile Include="Set_Matrix_Zeroes.cpp">
      <Filter>Source Files\Other</Filter>
    </ClCompile>
    <ClCompile Include="Edit_Distance.cpp">
      <Filter>Source Files\DP</Filter>
    </ClCompile>
    <ClCompile Include="Simplify_Path.cpp">
      <Filter>Source Files\Other</Filter>
    </ClCompile>
    <ClCompile Include="Climbing_Stairs.cpp">
      <Filter>Source Files\DP</Filter>
    </ClCompile>
    <ClCompile Include="Sqrt_x.cpp">
      <Filter>Source Files\DivideAndConquer</Filter>
    </ClCompile>
    <ClCompile Include="Text_Justification.cpp">
      <Filter>Source Files\Greedy</Filter>
    </ClCompile>
    <ClCompile Include="Plus_One.cpp">
      <Filter>Source Files\BruteForce</Filter>
    </ClCompile>
    <ClCompile Include="Valid_Number.cpp">
      <Filter>Source Files\Other</Filter>
    </ClCompile>
    <ClCompile Include="Add_Binary.cpp">
      <Filter>Source Files\BruteForce</Filter>
    </ClCompile>
    <ClCompile Include="Minimum_Path_Sum.cpp">
      <Filter>Source Files\DP</Filter>
    </ClCompile>
    <ClCompile Include="Unique_Paths.cpp">
      <Filter>Source Files\Math</Filter>
    </ClCompile>
    <ClCompile Include="Unique_Paths_II.cpp">
      <Filter>Source Files\DP</Filter>
    </ClCompile>
    <ClCompile Include="Permutation_Sequence.cpp">
      <Filter>Source Files\Math</Filter>
    </ClCompile>
    <ClCompile Include="Spiral_Matrix.cpp">
      <Filter>Source Files\BruteForce</Filter>
    </ClCompile>
    <ClCompile Include="Spiral_Matrix_II.cpp">
      <Filter>Source Files\BruteForce</Filter>
    </ClCompile>
    <ClCompile Include="Length_Of_Last_Word.cpp">
      <Filter>Source Files\BruteForce</Filter>
    </ClCompile>
    <ClCompile Include="Insert_Interval.cpp">
      <Filter>Source Files\BruteForce</Filter>
    </ClCompile>
    <ClCompile Include="Merge_Intervals.cpp">
      <Filter>Source Files\BruteForce</Filter>
    </ClCompile>
    <ClCompile Include="Jump_Game.cpp">
      <Filter>Source Files\DP</Filter>
    </ClCompile>
    <ClCompile Include="Maximum_Subarray.cpp">
      <Filter>Source Files\DP</Filter>
    </ClCompile>
    <ClCompile Include="N_Queens.cpp">
      <Filter>Source Files\DFS</Filter>
    </ClCompile>
    <ClCompile Include="N_Queens_II.cpp">
      <Filter>Source Files\DFS</Filter>
    </ClCompile>
    <ClCompile Include="Anagrams.cpp">
      <Filter>Source Files\BruteForce</Filter>
    </ClCompile>
    <ClCompile Include="Rotate_Image.cpp">
      <Filter>Source Files\BruteForce</Filter>
    </ClCompile>
    <ClCompile Include="Permutation_II.cpp">
      <Filter>Source Files\Math</Filter>
    </ClCompile>
    <ClCompile Include="Permutation.cpp">
      <Filter>Source Files\Math</Filter>
    </ClCompile>
    <ClCompile Include="Jump_Game_II.cpp">
      <Filter>Source Files\DP</Filter>
    </ClCompile>
    <ClCompile Include="Mulitply_Strings.cpp">
      <Filter>Source Files\BruteForce</Filter>
    </ClCompile>
    <ClCompile Include="Largest_Rectangle_In_Histogram.cpp">
      <Filter>Source Files\Stack</Filter>
    </ClCompile>
    <ClCompile Include="Maximal_Rectangle.cpp">
      <Filter>Source Files\Stack</Filter>
    </ClCompile>
    <ClCompile Include="Linked_List_Cycle.cpp">
      <Filter>Source Files\Graph</Filter>
    </ClCompile>
    <ClCompile Include="Trapping_Rain_Water.cpp">
      <Filter>Source Files\Other</Filter>
    </ClCompile>
    <ClCompile Include="Combination_Sum.cpp">
      <Filter>Source Files\DP</Filter>
    </ClCompile>
    <ClCompile Include="Combination_Sum_II.cpp">
      <Filter>Source Files\DP</Filter>
    </ClCompile>
    <ClCompile Include="Count_And_Say.cpp">
      <Filter>Source Files\BruteForce</Filter>
    </ClCompile>
    <ClCompile Include="Sudoku_Solver.cpp">
      <Filter>Source Files\DFS</Filter>
    </ClCompile>
    <ClCompile Include="Linked_List_Cycle_II.cpp">
      <Filter>Source Files\Graph</Filter>
    </ClCompile>
    <ClCompile Include="Valid_Sudoku.cpp">
      <Filter>Source Files\BruteForce</Filter>
    </ClCompile>
    <ClCompile Include="Search_Insert_Position.cpp">
      <Filter>Source Files\DivideAndConquer</Filter>
    </ClCompile>
    <ClCompile Include="Pow_x_n.cpp">
      <Filter>Source Files\DivideAndConquer</Filter>
    </ClCompile>
    <ClCompile Include="First_Missing_Positive.cpp">
      <Filter>Source Files\Hash</Filter>
    </ClCompile>
    <ClCompile Include="Search_For_A_Range.cpp">
      <Filter>Source Files\DivideAndConquer</Filter>
    </ClCompile>
    <ClCompile Include="Longest_Valid_Parentheses.cpp">
      <Filter>Source Files\Stack</Filter>
    </ClCompile>
    <ClCompile Include="Next_Permutation.cpp">
      <Filter>Source Files\Other</Filter>
    </ClCompile>
    <ClCompile Include="Substring_With_Concatenation_Of_All_Words.cpp">
      <Filter>Source Files\Hash</Filter>
    </ClCompile>
    <ClCompile Include="Divide_Two_Integers.cpp">
      <Filter>Source Files\Math</Filter>
    </ClCompile>
    <ClCompile Include="Implement_Strstr.cpp">
      <Filter>Source Files\String</Filter>
    </ClCompile>
    <ClCompile Include="Remove_Element.cpp">
      <Filter>Source Files\BruteForce</Filter>
    </ClCompile>
    <ClCompile Include="Remove_Duplicates_From_Sorted_Array.cpp">
      <Filter>Source Files\BruteForce</Filter>
    </ClCompile>
    <ClCompile Include="Merge_K_Sorted_Lists.cpp">
      <Filter>Source Files\Heap</Filter>
    </ClCompile>
    <ClCompile Include="Generate_Parentheses.cpp">
      <Filter>Source Files\DP</Filter>
    </ClCompile>
    <ClCompile Include="Valid_Parentheses.cpp">
      <Filter>Source Files\Stack</Filter>
    </ClCompile>
    <ClCompile Include="Letter_Combinations_Of_A_Phone_Number.cpp">
      <Filter>Source Files\BruteForce</Filter>
    </ClCompile>
    <ClCompile Include="4_Sum.cpp">
      <Filter>Source Files\Hash</Filter>
    </ClCompile>
    <ClCompile Include="Longest_Common_Prefix.cpp">
      <Filter>Source Files\BruteForce</Filter>
    </ClCompile>
    <ClCompile Include="Roman_To_Integer.cpp">
      <Filter>Source Files\BruteForce</Filter>
    </ClCompile>
    <ClCompile Include="Integer_To_Roman.cpp">
      <Filter>Source Files\BruteForce</Filter>
    </ClCompile>
    <ClCompile Include="Reorder_List.cpp">
      <Filter>Source Files\List</Filter>
    </ClCompile>
    <ClCompile Include="Copy_List_With_Random_Pointer.cpp">
      <Filter>Source Files\List</Filter>
    </ClCompile>
    <ClCompile Include="Merge_Two_Sorted_Lists.cpp">
      <Filter>Source Files\List</Filter>
    </ClCompile>
    <ClCompile Include="Reverse_Linked_List_II.cpp">
      <Filter>Source Files\List</Filter>
    </ClCompile>
    <ClCompile Include="Rotate_List.cpp">
      <Filter>Source Files\List</Filter>
    </ClCompile>
    <ClCompile Include="Partition_List.cpp">
      <Filter>Source Files\List</Filter>
    </ClCompile>
    <ClCompile Include="Reverse_Nodes_In_K-Group.cpp">
      <Filter>Source Files\List</Filter>
    </ClCompile>
    <ClCompile Include="Remove_Duplicates_From_Sorted_List.cpp">
      <Filter>Source Files\List</Filter>
    </ClCompile>
    <ClCompile Include="Remove_Duplicates_From_Sorted_List_II.cpp">
      <Filter>Source Files\List</Filter>
    </ClCompile>
    <ClCompile Include="Remove_Nth_Node_From_End_Of_List.cpp">
      <Filter>Source Files\List</Filter>
    </ClCompile>
    <ClCompile Include="Swap_Nodes_In_Pairs.cpp">
      <Filter>Source Files\List</Filter>
    </ClCompile>
    <ClCompile Include="3_Sum.cpp">
      <Filter>Source Files\Other</Filter>
    </ClCompile>
    <ClCompile Include="3_Sum_Closest.cpp">
      <Filter>Source Files\Other</Filter>
    </ClCompile>
    <ClCompile Include="Binary_Tree_Preorder_Traversal.cpp">
      <Filter>Source Files\Stack</Filter>
    </ClCompile>
    <ClCompile Include="Container_With_Most_Water.cpp">
      <Filter>Source Files\Greedy</Filter>
    </ClCompile>
    <ClCompile Include="Regular_Expression_Matching.cpp">
      <Filter>Source Files\Greedy</Filter>
    </ClCompile>
    <ClCompile Include="Wildcard_Matching.cpp">
      <Filter>Source Files\DFS</Filter>
    </ClCompile>
    <ClCompile Include="Palindrome_Number.cpp">
      <Filter>Source Files\BruteForce</Filter>
    </ClCompile>
    <ClCompile Include="String_To_Integer_(Atoi).cpp">
      <Filter>Source Files\BruteForce</Filter>
    </ClCompile>
    <ClCompile Include="Reverse_Integer.cpp">
      <Filter>Source Files\BruteForce</Filter>
    </ClCompile>
    <ClCompile Include="Binary_Tree_Postorder_Travelsal.cpp">
      <Filter>Source Files\Stack</Filter>
    </ClCompile>
    <ClCompile Include="ZigZag_Conversion.cpp">
      <Filter>Source Files\BruteForce</Filter>
    </ClCompile>
    <ClCompile Include="Longest_Palindromic_Substring.cpp">
      <Filter>Source Files\DP</Filter>
    </ClCompile>
    <ClCompile Include="Add_Two_Numbers.cpp">
      <Filter>Source Files\List</Filter>
    </ClCompile>
    <ClCompile Include="Longest_Substring_Without_Repeating_Characters.cpp">
      <Filter>Source Files\Hash</Filter>
    </ClCompile>
    <ClCompile Include="Median_Of_Two_Sorted_Arrays.cpp">
      <Filter>Source Files\DivideAndConquer</Filter>
    </ClCompile>
    <ClCompile Include="Two_Sum.cpp">
      <Filter>Source Files\Other</Filter>
    </ClCompile>
    <ClCompile Include="LRU_Cache.cpp">
      <Filter>Source Files\Hash</Filter>
    </ClCompile>
  </ItemGroup>
</Project>